
Microsoft Visual Studio Solution File, Format Version 12.00
# Visual Studio 15
VisualStudioVersion = 15.0.28307.1082
MinimumVisualStudioVersion = 10.0.40219.1
Project("{FAE04EC0-301F-11D3-BF4B-00C04F79EFBC}") = "GitVS", "GitVS\GitVS.csproj", "{D890AD44-7167-4C4F-B498-B36D50DFD521}"
EndProject
Global
	GlobalSection(SolutionConfigurationPlatforms) = preSolution
		Debug|Any CPU = Debug|Any CPU
		Release|Any CPU = Release|Any CPU
	EndGlobalSection
	GlobalSection(ProjectConfigurationPlatforms) = postSolution
		{D890AD44-7167-4C4F-B498-B36D50DFD521}.Debug|Any CPU.ActiveCfg = Debug|Any CPU
		{D890AD44-7167-4C4F-B498-B36D50DFD521}.Debug|Any CPU.Build.0 = Debug|Any CPU
		{D890AD44-7167-4C4F-B498-B36D50DFD521}.Release|Any CPU.ActiveCfg = Release|Any CPU
		{D890AD44-7167-4C4F-B498-B36D50DFD521}.Release|Any CPU.Build.0 = Release|Any CPU
	EndGlobalSection
	GlobalSection(SolutionProperties) = preSolution
		HideSolutionNode = FALSE
	EndGlobalSection
	GlobalSection(ExtensibilityGlobals) = postSolution
		SolutionGuid = {4ED5701F-97D3-4857-A381-B0C4FBD2F62B}
	EndGlobalSection
EndGlobal
